lockfileVersion: '9.0'

settings:
  autoInstallPeers: true
  excludeLinksFromLockfile: false

importers:

  .:
    dependencies:
      zod:
        specifier: ^3.23.6
        version: 3.23.6

packages:

  zod@3.23.6:
    resolution: {integrity: sha512-RTHJlZhsRbuA8Hmp/iNL7jnfc4nZishjsanDAfEY1QpDQZCahUp3xDzl+zfweE9BklxMUcgBgS1b7Lvie/ZVwA==}

snapshots:

  zod@3.23.6: {}
